
Microsoft Visual Studio Solution File, Format Version 12.00
# Visual Studio Version 17
VisualStudioVersion = 17.14.36121.58 d17.14
MinimumVisualStudioVersion = 10.0.40219.1
Project("{FAE04EC0-301F-11D3-BF4B-00C04F79EFBC}") = "MiftahovAR_P2", "MiftahovAR_P2\MiftahovAR_P2.csproj", "{65B26958-FBD1-4A24-A3EA-7DF38541BB4C}"
EndProject
Global
	GlobalSection(SolutionConfigurationPlatforms) = preSolution
		Debug|Any CPU = Debug|Any CPU
		Release|Any CPU = Release|Any CPU
	EndGlobalSection
	GlobalSection(ProjectConfigurationPlatforms) = postSolution
		{65B26958-FBD1-4A24-A3EA-7DF38541BB4C}.Debug|Any CPU.ActiveCfg = Debug|Any CPU
		{65B26958-FBD1-4A24-A3EA-7DF38541BB4C}.Debug|Any CPU.Build.0 = Debug|Any CPU
		{65B26958-FBD1-4A24-A3EA-7DF38541BB4C}.Release|Any CPU.ActiveCfg = Release|Any CPU
		{65B26958-FBD1-4A24-A3EA-7DF38541BB4C}.Release|Any CPU.Build.0 = Release|Any CPU
	EndGlobalSection
	GlobalSection(SolutionProperties) = preSolution
		HideSolutionNode = FALSE
	EndGlobalSection
	GlobalSection(ExtensibilityGlobals) = postSolution
		SolutionGuid = {4B12030D-0D40-48A5-8946-6BF70C4D7FD7}
	EndGlobalSection
EndGlobal
